// !$*UTF8*$!
{
	archiveVersion = 1;
	classes = {
	};
	objectVersion = 48;
	objects = {

/* Begin PBXBuildFile section */
		1613AA173E4B142D41C0D207 /* Pods_YoutubeLayout.framework in Frameworks */ = {isa = PBXBuildFile; fileRef = E0E5142A68660B50597D32FC /* Pods_YoutubeLayout.framework */; };
		49646352209126DE0069B807 /* ViewCode.swift in Sources */ = {isa = PBXBuildFile; fileRef = 49646351209126DE0069B807 /* ViewCode.swift */; };
		49762E64209B9185001B23DD /* HomeView.swift in Sources */ = {isa = PBXBuildFile; fileRef = 49762E63209B9185001B23DD /* HomeView.swift */; };
		49762E66209BA05F001B23DD /* VideosDataSource.swift in Sources */ = {isa = PBXBuildFile; fileRef = 49762E65209BA05F001B23DD /* VideosDataSource.swift */; };
		49762E68209CC059001B23DD /* MenuBar.swift in Sources */ = {isa = PBXBuildFile; fileRef = 49762E67209CC059001B23DD /* MenuBar.swift */; };
		49762E6A209CE5C1001B23DD /* MenuBarDataSource.swift in Sources */ = {isa = PBXBuildFile; fileRef = 49762E69209CE5C1001B23DD /* MenuBarDataSource.swift */; };
		49762E6C209CEC0E001B23DD /* IconsMenuCell.swift in Sources */ = {isa = PBXBuildFile; fileRef = 49762E6B209CEC0E001B23DD /* IconsMenuCell.swift */; };
		49762E6F20A0DA79001B23DD /* Video.swift in Sources */ = {isa = PBXBuildFile; fileRef = 49762E6E20A0DA79001B23DD /* Video.swift */; };
		49762E7120A20CB1001B23DD /* Channel.swift in Sources */ = {isa = PBXBuildFile; fileRef = 49762E7020A20CB1001B23DD /* Channel.swift */; };
		49762E7420A39B10001B23DD /* NavMenuView.swift in Sources */ = {isa = PBXBuildFile; fileRef = 49762E7320A39B10001B23DD /* NavMenuView.swift */; };
		4990353420AB4F6B00F21BE6 /* SettingCell.swift in Sources */ = {isa = PBXBuildFile; fileRef = 4990353320AB4F6B00F21BE6 /* SettingCell.swift */; };
		4990353720AB571100F21BE6 /* SettingDataSouce.swift in Sources */ = {isa = PBXBuildFile; fileRef = 4990353620AB571100F21BE6 /* SettingDataSouce.swift */; };
		49AB2BF1208EC414008E9EA8 /* VideoCell.swift in Sources */ = {isa = PBXBuildFile; fileRef = 49AB2BF0208EC414008E9EA8 /* VideoCell.swift */; };
		49CB28FA208D2A6200708E78 /* AppDelegate.swift in Sources */ = {isa = PBXBuildFile; fileRef = 49CB28F9208D2A6200708E78 /* AppDelegate.swift */; };
		49CB28FC208D2A6200708E78 /* HomeViewController.swift in Sources */ = {isa = PBXBuildFile; fileRef = 49CB28FB208D2A6200708E78 /* HomeViewController.swift */; };
		49CB28FF208D2A6200708E78 /* Main.storyboard in Resources */ = {isa = PBXBuildFile; fileRef = 49CB28FD208D2A6200708E78 /* Main.storyboard */; };
		49CB2901208D2A6200708E78 /* Assets.xcassets in Resources */ = {isa = PBXBuildFile; fileRef = 49CB2900208D2A6200708E78 /* Assets.xcassets */; };
		49CB2904208D2A6200708E78 /* LaunchScreen.storyboard in Resources */ = {isa = PBXBuildFile; fileRef = 49CB2902208D2A6200708E78 /* LaunchScreen.storyboard */; };
/* End PBXBuildFile section */

/* Begin PBXFileReference section */
		49646351209126DE0069B807 /* ViewCode.swift */ = {isa = PBXFileReference; lastKnownFileType = sourcecode.swift; path = ViewCode.swift; sourceTree = "<group>"; };
		49762E63209B9185001B23DD /* HomeView.swift */ = {isa = PBXFileReference; lastKnownFileType = sourcecode.swift; path = HomeView.swift; sourceTree = "<group>"; };
		49762E65209BA05F001B23DD /* VideosDataSource.swift */ = {isa = PBXFileReference; lastKnownFileType = sourcecode.swift; path = VideosDataSource.swift; sourceTree = "<group>"; };
		49762E67209CC059001B23DD /* MenuBar.swift */ = {isa = PBXFileReference; lastKnownFileType = sourcecode.swift; path = MenuBar.swift; sourceTree = "<group>"; };
		49762E69209CE5C1001B23DD /* MenuBarDataSource.swift */ = {isa = PBXFileReference; lastKnownFileType = sourcecode.swift; path = MenuBarDataSource.swift; sourceTree = "<group>"; };
		49762E6B209CEC0E001B23DD /* IconsMenuCell.swift */ = {isa = PBXFileReference; lastKnownFileType = sourcecode.swift; path = IconsMenuCell.swift; sourceTree = "<group>"; };
		49762E6E20A0DA79001B23DD /* Video.swift */ = {isa = PBXFileReference; lastKnownFileType = sourcecode.swift; path = Video.swift; sourceTree = "<group>"; };
		49762E7020A20CB1001B23DD /* Channel.swift */ = {isa = PBXFileReference; lastKnownFileType = sourcecode.swift; path = Channel.swift; sourceTree = "<group>"; };
		49762E7320A39B10001B23DD /* NavMenuView.swift */ = {isa = PBXFileReference; lastKnownFileType = sourcecode.swift; path = NavMenuView.swift; sourceTree = "<group>"; };
		4990353320AB4F6B00F21BE6 /* SettingCell.swift */ = {isa = PBXFileReference; lastKnownFileType = sourcecode.swift; path = SettingCell.swift; sourceTree = "<group>"; };
		4990353620AB571100F21BE6 /* SettingDataSouce.swift */ = {isa = PBXFileReference; lastKnownFileType = sourcecode.swift; path = SettingDataSouce.swift; sourceTree = "<group>"; };
		49AB2BF0208EC414008E9EA8 /* VideoCell.swift */ = {isa = PBXFileReference; lastKnownFileType = sourcecode.swift; path = VideoCell.swift; sourceTree = "<group>"; };
		49CB28F6208D2A6200708E78 /* YoutubeLayout.app */ = {isa = PBXFileReference; explicitFileType = wrapper.application; includeInIndex = 0; path = YoutubeLayout.app; sourceTree = BUILT_PRODUCTS_DIR; };
		49CB28F9208D2A6200708E78 /* AppDelegate.swift */ = {isa = PBXFileReference; lastKnownFileType = sourcecode.swift; path = AppDelegate.swift; sourceTree = "<group>"; };
		49CB28FB208D2A6200708E78 /* HomeViewController.swift */ = {isa = PBXFileReference; lastKnownFileType = sourcecode.swift; path = HomeViewController.swift; sourceTree = "<group>"; };
		49CB28FE208D2A6200708E78 /* Base */ = {isa = PBXFileReference; lastKnownFileType = file.storyboard; name = Base; path = Base.lproj/Main.storyboard; sourceTree = "<group>"; };
		49CB2900208D2A6200708E78 /* Assets.xcassets */ = {isa = PBXFileReference; lastKnownFileType = folder.assetcatalog; path = Assets.xcassets; sourceTree = "<group>"; };
		49CB2903208D2A6200708E78 /* Base */ = {isa = PBXFileReference; lastKnownFileType = file.storyboard; name = Base; path = Base.lproj/LaunchScreen.storyboard; sourceTree = "<group>"; };
		49CB2905208D2A6200708E78 /* Info.plist */ = {isa = PBXFileReference; lastKnownFileType = text.plist.xml; path = Info.plist; sourceTree = "<group>"; };
		6639A76C480BA71999494D93 /* Pods-YoutubeLayout.release.xcconfig */ = {isa = PBXFileReference; includeInIndex = 1; lastKnownFileType = text.xcconfig; name = "Pods-YoutubeLayout.release.xcconfig"; path = "Pods/Target Support Files/Pods-YoutubeLayout/Pods-YoutubeLayout.release.xcconfig"; sourceTree = "<group>"; };
		A0C0FA79C5D73A22BAAAA416 /* Pods-YoutubeLayout.debug.xcconfig */ = {isa = PBXFileReference; includeInIndex = 1; lastKnownFileType = text.xcconfig; name = "Pods-YoutubeLayout.debug.xcconfig"; path = "Pods/Target Support Files/Pods-YoutubeLayout/Pods-YoutubeLayout.debug.xcconfig"; sourceTree = "<group>"; };
		E0E5142A68660B50597D32FC /* Pods_YoutubeLayout.framework */ = {isa = PBXFileReference; explicitFileType = wrapper.framework; includeInIndex = 0; path = Pods_YoutubeLayout.framework; sourceTree = BUILT_PRODUCTS_DIR; };
/* End PBXFileReference section */

/* Begin PBXFrameworksBuildPhase section */
		49CB28F3208D2A6200708E78 /* Frameworks */ = {
			isa = PBXFrameworksBuildPhase;
			buildActionMask = 2147483647;
			files = (
				1613AA173E4B142D41C0D207 /* Pods_YoutubeLayout.framework in Frameworks */,
			);
			runOnlyForDeploymentPostprocessing = 0;
		};
/* End PBXFrameworksBuildPhase section */

/* Begin PBXGroup section */
		49762E6D20A0DA6D001B23DD /* Model */ = {
			isa = PBXGroup;
			children = (
				49762E6E20A0DA79001B23DD /* Video.swift */,
				49762E7020A20CB1001B23DD /* Channel.swift */,
			);
			path = Model;
			sourceTree = "<group>";
		};
		49762E7220A39AD2001B23DD /* Controller */ = {
			isa = PBXGroup;
			children = (
				49CB28FB208D2A6200708E78 /* HomeViewController.swift */,
			);
			name = Controller;
			sourceTree = "<group>";
		};
		4990353520AB4F7B00F21BE6 /* Cells */ = {
			isa = PBXGroup;
			children = (
				49AB2BF0208EC414008E9EA8 /* VideoCell.swift */,
				49762E6B209CEC0E001B23DD /* IconsMenuCell.swift */,
				4990353320AB4F6B00F21BE6 /* SettingCell.swift */,
			);
			path = Cells;
			sourceTree = "<group>";
		};
		4990353820AB571700F21BE6 /* DataSouce */ = {
			isa = PBXGroup;
			children = (
				49762E69209CE5C1001B23DD /* MenuBarDataSource.swift */,
				49762E65209BA05F001B23DD /* VideosDataSource.swift */,
				4990353620AB571100F21BE6 /* SettingDataSouce.swift */,
			);
			path = DataSouce;
			sourceTree = "<group>";
		};
		4990353920AB57F800F21BE6 /* Views */ = {
			isa = PBXGroup;
			children = (
				49762E63209B9185001B23DD /* HomeView.swift */,
				49762E7320A39B10001B23DD /* NavMenuView.swift */,
				49762E67209CC059001B23DD /* MenuBar.swift */,
			);
			path = Views;
			sourceTree = "<group>";
		};
		49CB28ED208D2A6200708E78 = {
			isa = PBXGroup;
			children = (
				49CB28F8208D2A6200708E78 /* YoutubeLayout */,
				49CB28F7208D2A6200708E78 /* Products */,
				BCBD9260932F33E7C868B2D3 /* Pods */,
				BD86B407A25BD71A80FB237B /* Frameworks */,
			);
			sourceTree = "<group>";
		};
		49CB28F7208D2A6200708E78 /* Products */ = {
			isa = PBXGroup;
			children = (
				49CB28F6208D2A6200708E78 /* YoutubeLayout.app */,
			);
			name = Products;
			sourceTree = "<group>";
		};
		49CB28F8208D2A6200708E78 /* YoutubeLayout */ = {
			isa = PBXGroup;
			children = (
				4990353920AB57F800F21BE6 /* Views */,
				4990353820AB571700F21BE6 /* DataSouce */,
				4990353520AB4F7B00F21BE6 /* Cells */,
				49762E7220A39AD2001B23DD /* Controller */,
				49762E6D20A0DA6D001B23DD /* Model */,
				49CB28F9208D2A6200708E78 /* AppDelegate.swift */,
				49CB28FD208D2A6200708E78 /* Main.storyboard */,
				49CB2900208D2A6200708E78 /* Assets.xcassets */,
				49CB2902208D2A6200708E78 /* LaunchScreen.storyboard */,
				49CB2905208D2A6200708E78 /* Info.plist */,
				49646351209126DE0069B807 /* ViewCode.swift */,
			);
			path = YoutubeLayout;
			sourceTree = "<group>";
		};
		BCBD9260932F33E7C868B2D3 /* Pods */ = {
			isa = PBXGroup;
			children = (
				A0C0FA79C5D73A22BAAAA416 /* Pods-YoutubeLayout.debug.xcconfig */,
				6639A76C480BA71999494D93 /* Pods-YoutubeLayout.release.xcconfig */,
			);
			name = Pods;
			sourceTree = "<group>";
		};
		BD86B407A25BD71A80FB237B /* Frameworks */ = {
			isa = PBXGroup;
			children = (
				E0E5142A68660B50597D32FC /* Pods_YoutubeLayout.framework */,
			);
			name = Frameworks;
			sourceTree = "<group>";
		};
/* End PBXGroup section */

/* Begin PBXNativeTarget section */
		49CB28F5208D2A6200708E78 /* YoutubeLayout */ = {
			isa = PBXNativeTarget;
			buildConfigurationList = 49CB2908208D2A6200708E78 /* Build configuration list for PBXNativeTarget "YoutubeLayout" */;
			buildPhases = (
				1226B72EF285F84D47B638B7 /* [CP] Check Pods Manifest.lock */,
				49CB28F2208D2A6200708E78 /* Sources */,
				49CB28F3208D2A6200708E78 /* Frameworks */,
				49CB28F4208D2A6200708E78 /* Resources */,
				1E4DC0C2ADDAC7403DE79A3A /* [CP] Embed Pods Frameworks */,
				CDE6ABAC63512D3C9831F592 /* [CP] Copy Pods Resources */,
			);
			buildRules = (
			);
			dependencies = (
			);
			name = YoutubeLayout;
			productName = YoutubeLayout;
			productReference = 49CB28F6208D2A6200708E78 /* YoutubeLayout.app */;
			productType = "com.apple.product-type.application";
		};
/* End PBXNativeTarget section */

/* Begin PBXProject section */
		49CB28EE208D2A6200708E78 /* Project object */ = {
			isa = PBXProject;
			attributes = {
				LastSwiftUpdateCheck = 0910;
				LastUpgradeCheck = 0910;
				ORGANIZATIONNAME = "Fernanda Bezerra";
				TargetAttributes = {
					49CB28F5208D2A6200708E78 = {
						CreatedOnToolsVersion = 9.1;
						ProvisioningStyle = Automatic;
					};
				};
			};
			buildConfigurationList = 49CB28F1208D2A6200708E78 /* Build configuration list for PBXProject "YoutubeLayout" */;
			compatibilityVersion = "Xcode 8.0";
			developmentRegion = en;
			hasScannedForEncodings = 0;
			knownRegions = (
				en,
				Base,
			);
			mainGroup = 49CB28ED208D2A6200708E78;
			productRefGroup = 49CB28F7208D2A6200708E78 /* Products */;
			projectDirPath = "";
			projectRoot = "";
			targets = (
				49CB28F5208D2A6200708E78 /* YoutubeLayout */,
			);
		};
/* End PBXProject section */

/* Begin PBXResourcesBuildPhase section */
		49CB28F4208D2A6200708E78 /* Resources */ = {
			isa = PBXResourcesBuildPhase;
			buildActionMask = 2147483647;
			files = (
				49CB2904208D2A6200708E78 /* LaunchScreen.storyboard in Resources */,
				49CB2901208D2A6200708E78 /* Assets.xcassets in Resources */,
				49CB28FF208D2A6200708E78 /* Main.storyboard in Resources */,
			);
			runOnlyForDeploymentPostprocessing = 0;
		};
/* End PBXResourcesBuildPhase section */

/* Begin PBXShellScriptBuildPhase section */
		1226B72EF285F84D47B638B7 /* [CP] Check Pods Manifest.lock */ = {
			isa = PBXShellScriptBuildPhase;
			buildActionMask = 2147483647;
			files = (
			);
			inputPaths = (
				"${PODS_PODFILE_DIR_PATH}/Podfile.lock",
				"${PODS_ROOT}/Manifest.lock",
			);
			name = "[CP] Check Pods Manifest.lock";
			outputPaths = (
				"$(DERIVED_FILE_DIR)/Pods-YoutubeLayout-checkManifestLockResult.txt",
			);
			runOnlyForDeploymentPostprocessing = 0;
			shellPath = /bin/sh;
			shellScript = "diff \"${PODS_PODFILE_DIR_PATH}/Podfile.lock\" \"${PODS_ROOT}/Manifest.lock\" > /dev/null\nif [ $? != 0 ] ; then\n    # print error to STDERR\n    echo \"error: The sandbox is not in sync with the Podfile.lock. Run 'pod install' or update your CocoaPods installation.\" >&2\n    exit 1\nfi\n# This output is used by Xcode 'outputs' to avoid re-running this script phase.\necho \"SUCCESS\" > \"${SCRIPT_OUTPUT_FILE_0}\"\n";
			showEnvVarsInLog = 0;
		};
		1E4DC0C2ADDAC7403DE79A3A /* [CP] Embed Pods Frameworks */ = {
			isa = PBXShellScriptBuildPhase;
			buildActionMask = 2147483647;
			files = (
			);
			inputPaths = (
				"${SRCROOT}/Pods/Target Support Files/Pods-YoutubeLayout/Pods-YoutubeLayout-frameworks.sh",
				"${BUILT_PRODUCTS_DIR}/SnapKit/SnapKit.framework",
			);
			name = "[CP] Embed Pods Frameworks";
			outputPaths = (
				"${TARGET_BUILD_DIR}/${FRAMEWORKS_FOLDER_PATH}/SnapKit.framework",
			);
			runOnlyForDeploymentPostprocessing = 0;
			shellPath = /bin/sh;
			shellScript = "\"${SRCROOT}/Pods/Target Support Files/Pods-YoutubeLayout/Pods-YoutubeLayout-frameworks.sh\"\n";
			showEnvVarsInLog = 0;
		};
		CDE6ABAC63512D3C9831F592 /* [CP] Copy Pods Resources */ = {
			isa = PBXShellScriptBuildPhase;
			buildActionMask = 2147483647;
			files = (
			);
			inputPaths = (
			);
			name = "[CP] Copy Pods Resources";
			outputPaths = (
			);
			runOnlyForDeploymentPostprocessing = 0;
			shellPath = /bin/sh;
			shellScript = "\"${SRCROOT}/Pods/Target Support Files/Pods-YoutubeLayout/Pods-YoutubeLayout-resources.sh\"\n";
			showEnvVarsInLog = 0;
		};
/* End PBXShellScriptBuildPhase section */

/* Begin PBXSourcesBuildPhase section */
		49CB28F2208D2A6200708E78 /* Sources */ = {
			isa = PBXSourcesBuildPhase;
			buildActionMask = 2147483647;
			files = (
				49CB28FC208D2A6200708E78 /* HomeViewController.swift in Sources */,
				49CB28FA208D2A6200708E78 /* AppDelegate.swift in Sources */,
				49762E7120A20CB1001B23DD /* Channel.swift in Sources */,
				49AB2BF1208EC414008E9EA8 /* VideoCell.swift in Sources */,
				49762E7420A39B10001B23DD /* NavMenuView.swift in Sources */,
				49762E6C209CEC0E001B23DD /* IconsMenuCell.swift in Sources */,
				49762E64209B9185001B23DD /* HomeView.swift in Sources */,
				4990353420AB4F6B00F21BE6 /* SettingCell.swift in Sources */,
				49762E66209BA05F001B23DD /* VideosDataSource.swift in Sources */,
				49762E68209CC059001B23DD /* MenuBar.swift in Sources */,
				49646352209126DE0069B807 /* ViewCode.swift in Sources */,
				49762E6A209CE5C1001B23DD /* MenuBarDataSource.swift in Sources */,
				4990353720AB571100F21BE6 /* SettingDataSouce.swift in Sources */,
				49762E6F20A0DA79001B23DD /* Video.swift in Sources */,
			);
			runOnlyForDeploymentPostprocessing = 0;
		};
/* End PBXSourcesBuildPhase section */

/* Begin PBXVariantGroup section */
		49CB28FD208D2A6200708E78 /* Main.storyboard */ = {
			isa = PBXVariantGroup;
			children = (
				49CB28FE208D2A6200708E78 /* Base */,
			);
			name = Main.storyboard;
			sourceTree = "<group>";
		};
		49CB2902208D2A6200708E78 /* LaunchScreen.storyboard */ = {
			isa = PBXVariantGroup;
			children = (
				49CB2903208D2A6200708E78 /* Base */,
			);
			name = LaunchScreen.storyboard;
			sourceTree = "<group>";
		};
/* End PBXVariantGroup section */

/* Begin XCBuildConfiguration section */
		49CB2906208D2A6200708E78 /* Debug */ = {
			isa = XCBuildConfiguration;
			buildSettings = {
				ALWAYS_SEARCH_USER_PATHS = NO;
				CLANG_ANALYZER_NONNULL = YES;
				CLANG_ANALYZER_NUMBER_OBJECT_CONVERSION = YES_AGGRESSIVE;
				CLANG_CXX_LANGUAGE_STANDARD = "gnu++14";
				CLANG_CXX_LIBRARY = "libc++";
				CLANG_ENABLE_MODULES = YES;
				CLANG_ENABLE_OBJC_ARC = YES;
				CLANG_WARN_BLOCK_CAPTURE_AUTORELEASING = YES;
				CLANG_WARN_BOOL_CONVERSION = YES;
				CLANG_WARN_COMMA = YES;
				CLANG_WARN_CONSTANT_CONVERSION = YES;
				CLANG_WARN_DIRECT_OBJC_ISA_USAGE = YES_ERROR;
				CLANG_WARN_DOCUMENTATION_COMMENTS = YES;
				CLANG_WARN_EMPTY_BODY = YES;
				CLANG_WARN_ENUM_CONVERSION = YES;
				CLANG_WARN_INFINITE_RECURSION = YES;
				CLANG_WARN_INT_CONVERSION = YES;
				CLANG_WARN_NON_LITERAL_NULL_CONVERSION = YES;
				CLANG_WARN_OBJC_LITERAL_CONVERSION = YES;
				CLANG_WARN_OBJC_ROOT_CLASS = YES_ERROR;
				CLANG_WARN_RANGE_LOOP_ANALYSIS = YES;
				CLANG_WARN_STRICT_PROTOTYPES = YES;
				CLANG_WARN_SUSPICIOUS_MOVE = YES;
				CLANG_WARN_UNGUARDED_AVAILABILITY = YES_AGGRESSIVE;
				CLANG_WARN_UNREACHABLE_CODE = YES;
				CLANG_WARN__DUPLICATE_METHOD_MATCH = YES;
				CODE_SIGN_IDENTITY = "iPhone Developer";
				COPY_PHASE_STRIP = NO;
				DEBUG_INFORMATION_FORMAT = dwarf;
				ENABLE_STRICT_OBJC_MSGSEND = YES;
				ENABLE_TESTABILITY = YES;
				GCC_C_LANGUAGE_STANDARD = gnu11;
				GCC_DYNAMIC_NO_PIC = NO;
				GCC_NO_COMMON_BLOCKS = YES;
				GCC_OPTIMIZATION_LEVEL = 0;
				GCC_PREPROCESSOR_DEFINITIONS = (
					"DEBUG=1",
					"$(inherited)",
				);
				GCC_WARN_64_TO_32_BIT_CONVERSION = YES;
				GCC_WARN_ABOUT_RETURN_TYPE = YES_ERROR;
				GCC_WARN_UNDECLARED_SELECTOR = YES;
				GCC_WARN_UNINITIALIZED_AUTOS = YES_AGGRESSIVE;
				GCC_WARN_UNUSED_FUNCTION = YES;
				GCC_WARN_UNUSED_VARIABLE = YES;
				IPHONEOS_DEPLOYMENT_TARGET = 11.1;
				MTL_ENABLE_DEBUG_INFO = YES;
				ONLY_ACTIVE_ARCH = YES;
				SDKROOT = iphoneos;
				SWIFT_ACTIVE_COMPILATION_CONDITIONS = DEBUG;
				SWIFT_OPTIMIZATION_LEVEL = "-Onone";
			};
			name = Debug;
		};
		49CB2907208D2A6200708E78 /* Release */ = {
			isa = XCBuildConfiguration;
			buildSettings = {
				ALWAYS_SEARCH_USER_PATHS = NO;
				CLANG_ANALYZER_NONNULL = YES;
				CLANG_ANALYZER_NUMBER_OBJECT_CONVERSION = YES_AGGRESSIVE;
				CLANG_CXX_LANGUAGE_STANDARD = "gnu++14";
				CLANG_CXX_LIBRARY = "libc++";
				CLANG_ENABLE_MODULES = YES;
				CLANG_ENABLE_OBJC_ARC = YES;
				CLANG_WARN_BLOCK_CAPTURE_AUTORELEASING = YES;
				CLANG_WARN_BOOL_CONVERSION = YES;
				CLANG_WARN_COMMA = YES;
				CLANG_WARN_CONSTANT_CONVERSION = YES;
				CLANG_WARN_DIRECT_OBJC_ISA_USAGE = YES_ERROR;
				CLANG_WARN_DOCUMENTATION_COMMENTS = YES;
				CLANG_WARN_EMPTY_BODY = YES;
				CLANG_WARN_ENUM_CONVERSION = YES;
				CLANG_WARN_INFINITE_RECURSION = YES;
				CLANG_WARN_INT_CONVERSION = YES;
				CLANG_WARN_NON_LITERAL_NULL_CONVERSION = YES;
				CLANG_WARN_OBJC_LITERAL_CONVERSION = YES;
				CLANG_WARN_OBJC_ROOT_CLASS = YES_ERROR;
				CLANG_WARN_RANGE_LOOP_ANALYSIS = YES;
				CLANG_WARN_STRICT_PROTOTYPES = YES;
				CLANG_WARN_SUSPICIOUS_MOVE = YES;
				CLANG_WARN_UNGUARDED_AVAILABILITY = YES_AGGRESSIVE;
				CLANG_WARN_UNREACHABLE_CODE = YES;
				CLANG_WARN__DUPLICATE_METHOD_MATCH = YES;
				CODE_SIGN_IDENTITY = "iPhone Developer";
				COPY_PHASE_STRIP = NO;
				DEBUG_INFORMATION_FORMAT = "dwarf-with-dsym";
				ENABLE_NS_ASSERTIONS = NO;
				ENABLE_STRICT_OBJC_MSGSEND = YES;
				GCC_C_LANGUAGE_STANDARD = gnu11;
				GCC_NO_COMMON_BLOCKS = YES;
				GCC_WARN_64_TO_32_BIT_CONVERSION = YES;
				GCC_WARN_ABOUT_RETURN_TYPE = YES_ERROR;
				GCC_WARN_UNDECLARED_SELECTOR = YES;
				GCC_WARN_UNINITIALIZED_AUTOS = YES_AGGRESSIVE;
				GCC_WARN_UNUSED_FUNCTION = YES;
				GCC_WARN_UNUSED_VARIABLE = YES;
				IPHONEOS_DEPLOYMENT_TARGET = 11.1;
				MTL_ENABLE_DEBUG_INFO = NO;
				SDKROOT = iphoneos;
				SWIFT_OPTIMIZATION_LEVEL = "-Owholemodule";
				VALIDATE_PRODUCT = YES;
			};
			name = Release;
		};
		49CB2909208D2A6200708E78 /* Debug */ = {
			isa = XCBuildConfiguration;
			baseConfigurationReference = A0C0FA79C5D73A22BAAAA416 /* Pods-YoutubeLayout.debug.xcconfig */;
			buildSettings = {
				ASSETCATALOG_COMPILER_APPICON_NAME = AppIcon;
				CODE_SIGN_STYLE = Automatic;
				INFOPLIST_FILE = YoutubeLayout/Info.plist;
				LD_RUNPATH_SEARCH_PATHS = "$(inherited) @executable_path/Frameworks";
				PRODUCT_BUNDLE_IDENTIFIER = com.fernanda.YoutubeLayout;
				PRODUCT_NAME = "$(TARGET_NAME)";
				SWIFT_VERSION = 4.0;
				TARGETED_DEVICE_FAMILY = "1,2";
			};
			name = Debug;
		};
		49CB290A208D2A6200708E78 /* Release */ = {
			isa = XCBuildConfiguration;
			baseConfigurationReference = 6639A76C480BA71999494D93 /* Pods-YoutubeLayout.release.xcconfig */;
			buildSettings = {
				ASSETCATALOG_COMPILER_APPICON_NAME = AppIcon;
				CODE_SIGN_STYLE = Automatic;
				INFOPLIST_FILE = YoutubeLayout/Info.plist;
				LD_RUNPATH_SEARCH_PATHS = "$(inherited) @executable_path/Frameworks";
				PRODUCT_BUNDLE_IDENTIFIER = com.fernanda.YoutubeLayout;
				PRODUCT_NAME = "$(TARGET_NAME)";
				SWIFT_VERSION = 4.0;
				TARGETED_DEVICE_FAMILY = "1,2";
			};
			name = Release;
		};
/* End XCBuildConfiguration section */

/* Begin XCConfigurationList section */
		49CB28F1208D2A6200708E78 /* Build configuration list for PBXProject "YoutubeLayout" */ = {
			isa = XCConfigurationList;
			buildConfigurations = (
				49CB2906208D2A6200708E78 /* Debug */,
				49CB2907208D2A6200708E78 /* Release */,
			);
			defaultConfigurationIsVisible = 0;
			defaultConfigurationName = Release;
		};
		49CB2908208D2A6200708E78 /* Build configuration list for PBXNativeTarget "YoutubeLayout" */ = {
			isa = XCConfigurationList;
			buildConfigurations = (
				49CB2909208D2A6200708E78 /* Debug */,
				49CB290A208D2A6200708E78 /* Release */,
			);
			defaultConfigurationIsVisible = 0;
			defaultConfigurationName = Release;
		};
/* End XCConfigurationList section */
	};
	rootObject = 49CB28EE208D2A6200708E78 /* Project object */;
}
